<?xml version="1.0" encoding="utf-8"?>
<Project ToolsVersion="4.0" xmlns="http://schemas.microsoft.com/developer/msbuild/2003">
  <ItemGroup>
    <Filter Include="Source Files">
      <UniqueIdentifier>{4FC737F1-C7A5-4376-A066-2A32D752A2FF}</UniqueIdentifier>
      <Extensions>cpp;c;cc;cxx;def;odl;idl;hpj;bat;asm;asmx</Extensions>
    </Filter>
    <Filter Include="Header Files">
      <UniqueIdentifier>{93995380-89BD-4b04-88EB-625FBE52EBFB}</UniqueIdentifier>
      <Extensions>h;hpp;hxx;hm;inl;inc;xsd</Extensions>
    </Filter>
    <Filter Include="Resource Files">
      <UniqueIdentifier>{67DA6AB6-F800-4c08-8B7A-83BB121AAD01}</UniqueIdentifier>
      <Extensions>rc;ico;cur;bmp;dlg;rc2;rct;bin;rgs;gif;jpg;jpeg;jpe;resx;tiff;tif;png;wav;mfcribbon-ms</Extensions>
    </Filter>
    <Filter Include="UI">
      <UniqueIdentifier>{1778ab7b-12d1-47c3-84eb-51257f296201}</UniqueIdentifier>
    </Filter>
    <Filter Include="DLLEvents">
      <UniqueIdentifier>{dc5348b3-def2-4c5d-8189-a356f9ef74b3}</UniqueIdentifier>
    </Filter>
    <Filter Include="ExportFUN">
      <UniqueIdentifier>{75e069f9-428b-4fff-a3a0-eb9560da82ed}</UniqueIdentifier>
    </Filter>
    <Filter Include="ShareData">
      <UniqueIdentifier>{416514c2-a2eb-41c6-b160-a99570775a5a}</UniqueIdentifier>
    </Filter>
  </ItemGroup>
  <ItemGroup>
    <None Include="ReadMe.txt" />
    <None Include="ComponentExtraInfo.def">
      <Filter>Source Files</Filter>
    </None>
    <None Include="res\ComponentExtraInfo.rc2">
      <Filter>Resource Files</Filter>
    </None>
  </ItemGroup>
  <ItemGroup>
    <ClCompile Include="ComponentExtraInfo.cpp">
      <Filter>Source Files</Filter>
    </ClCompile>
    <ClCompile Include="stdafx.cpp">
      <Filter>Source Files</Filter>
    </ClCompile>
    <ClCompile Include="ComponentExtraInfoDLG.cpp">
      <Filter>UI</Filter>
    </ClCompile>
    <ClCompile Include="ComponentEtraInfoExport.cpp">
      <Filter>ExportFUN</Filter>
    </ClCompile>
  </ItemGroup>
  <ItemGroup>
    <ClInclude Include="ComponentExtraInfo.h">
      <Filter>Header Files</Filter>
    </ClInclude>
    <ClInclude Include="stdafx.h">
      <Filter>Header Files</Filter>
    </ClInclude>
    <ClInclude Include="targetver.h">
      <Filter>Header Files</Filter>
    </ClInclude>
    <ClInclude Include="Resource.h">
      <Filter>Header Files</Filter>
    </ClInclude>
    <ClInclude Include="ComponentExtraInfoDLG.h">
      <Filter>UI</Filter>
    </ClInclude>
    <ClInclude Include="DLLUI_ExtraCompInfo.h">
      <Filter>UI</Filter>
    </ClInclude>
    <ClInclude Include="ShareData\ComponentEtraInfoExport.h">
      <Filter>ExportFUN</Filter>
    </ClInclude>
    <ClInclude Include="..\Interface\TIDLLUIPlugin.h">
      <Filter>ExportFUN</Filter>
    </ClInclude>
    <ClInclude Include="..\Interface\DLLPluginInterface.h">
      <Filter>ExportFUN</Filter>
    </ClInclude>
    <ClInclude Include="ShareData\DLGUIData.h">
      <Filter>ShareData</Filter>
    </ClInclude>
    <ClInclude Include="ShareData\ExtraDisplayData.h">
      <Filter>ShareData</Filter>
    </ClInclude>
    <ClInclude Include="..\Interface\DLLUIEventInterface.h">
      <Filter>DLLEvents</Filter>
    </ClInclude>
  </ItemGroup>
  <ItemGroup>
    <ResourceCompile Include="ComponentExtraInfo.rc">
      <Filter>Resource Files</Filter>
    </ResourceCompile>
  </ItemGroup>
</Project>